
Microsoft Visual Studio Solution File, Format Version 12.00
# Visual Studio Version 16
VisualStudioVersion = 16.0.32510.428
MinimumVisualStudioVersion = 10.0.40219.1
Project("{9A19103F-16F7-4668-BE54-9A1E7A4F7556}") = "Task1", "Task1\Task1.csproj", "{C13A9FE6-1735-43A1-86C6-D6199E960C1F}"
EndProject
Project("{9A19103F-16F7-4668-BE54-9A1E7A4F7556}") = "Task2", "Task2\Task2.csproj", "{1293691E-6C38-4EB6-938A-B712ED9F3E90}"
EndProject
Project("{9A19103F-16F7-4668-BE54-9A1E7A4F7556}") = "Task3", "Task3\Task3.csproj", "{F8FDDAFC-0954-41B2-84F8-12E29A1DD7DE}"
EndProject
Project("{9A19103F-16F7-4668-BE54-9A1E7A4F7556}") = "Task4", "Task4\Task4.csproj", "{B765EFCF-8FDC-426B-A278-9531E8A42DD0}"
EndProject
Project("{9A19103F-16F7-4668-BE54-9A1E7A4F7556}") = "Task5", "Task5\Task5.csproj", "{3A819FEB-101E-4474-8B11-A36AE0F9EF43}"
EndProject
Global
	GlobalSection(SolutionConfigurationPlatforms) = preSolution
		Debug|Any CPU = Debug|Any CPU
		Release|Any CPU = Release|Any CPU
	EndGlobalSection
	GlobalSection(ProjectConfigurationPlatforms) = postSolution
		{C13A9FE6-1735-43A1-86C6-D6199E960C1F}.Debug|Any CPU.ActiveCfg = Debug|Any CPU
		{C13A9FE6-1735-43A1-86C6-D6199E960C1F}.Debug|Any CPU.Build.0 = Debug|Any CPU
		{C13A9FE6-1735-43A1-86C6-D6199E960C1F}.Release|Any CPU.ActiveCfg = Release|Any CPU
		{C13A9FE6-1735-43A1-86C6-D6199E960C1F}.Release|Any CPU.Build.0 = Release|Any CPU
		{1293691E-6C38-4EB6-938A-B712ED9F3E90}.Debug|Any CPU.ActiveCfg = Debug|Any CPU
		{1293691E-6C38-4EB6-938A-B712ED9F3E90}.Debug|Any CPU.Build.0 = Debug|Any CPU
		{1293691E-6C38-4EB6-938A-B712ED9F3E90}.Release|Any CPU.ActiveCfg = Release|Any CPU
		{1293691E-6C38-4EB6-938A-B712ED9F3E90}.Release|Any CPU.Build.0 = Release|Any CPU
		{F8FDDAFC-0954-41B2-84F8-12E29A1DD7DE}.Debug|Any CPU.ActiveCfg = Debug|Any CPU
		{F8FDDAFC-0954-41B2-84F8-12E29A1DD7DE}.Debug|Any CPU.Build.0 = Debug|Any CPU
		{F8FDDAFC-0954-41B2-84F8-12E29A1DD7DE}.Release|Any CPU.ActiveCfg = Release|Any CPU
		{F8FDDAFC-0954-41B2-84F8-12E29A1DD7DE}.Release|Any CPU.Build.0 = Release|Any CPU
		{B765EFCF-8FDC-426B-A278-9531E8A42DD0}.Debug|Any CPU.ActiveCfg = Debug|Any CPU
		{B765EFCF-8FDC-426B-A278-9531E8A42DD0}.Debug|Any CPU.Build.0 = Debug|Any CPU
		{B765EFCF-8FDC-426B-A278-9531E8A42DD0}.Release|Any CPU.ActiveCfg = Release|Any CPU
		{B765EFCF-8FDC-426B-A278-9531E8A42DD0}.Release|Any CPU.Build.0 = Release|Any CPU
		{3A819FEB-101E-4474-8B11-A36AE0F9EF43}.Debug|Any CPU.ActiveCfg = Debug|Any CPU
		{3A819FEB-101E-4474-8B11-A36AE0F9EF43}.Debug|Any CPU.Build.0 = Debug|Any CPU
		{3A819FEB-101E-4474-8B11-A36AE0F9EF43}.Release|Any CPU.ActiveCfg = Release|Any CPU
		{3A819FEB-101E-4474-8B11-A36AE0F9EF43}.Release|Any CPU.Build.0 = Release|Any CPU
	EndGlobalSection
	GlobalSection(SolutionProperties) = preSolution
		HideSolutionNode = FALSE
	EndGlobalSection
	GlobalSection(ExtensibilityGlobals) = postSolution
		SolutionGuid = {D696D7AC-C67C-4B7F-A72C-77B6DD007359}
	EndGlobalSection
EndGlobal
